%{
  "abnf2": {:hex, :abnf2, "0.1.2", "6f8792b8ac3288dba5fc889c2bceae9fe78f74e1a7b36bea9726ffaa9d7bef95", [:mix], []},
  "bamboo": {:hex, :bamboo, "0.8.0", "573889a3efcb906bb9d25a1c4caa4ca22f479235e1b8cc3260d8b88dabeb4b14", [:mix], [{:hackney, "~> 1.6", [hex: :hackney, optional: false]}, {:plug, "~> 1.0", [hex: :plug, optional: false]}, {:poison, ">= 1.5.0", [hex: :poison, optional: false]}]},
  "base64url": {:hex, :base64url, "0.0.1", "36a90125f5948e3afd7be97662a1504b934dd5dac78451ca6e9abf85a10286be", [:rebar], []},
  "browser": {:hex, :browser, "0.1.5", "50670574b1fd78ac3ca44173aef0e3cbf4322e42627dcab351d40d5420f525c1", [:mix], []},
  "bunt": {:hex, :bunt, "0.2.0", "951c6e801e8b1d2cbe58ebbd3e616a869061ddadcc4863d0a2182541acae9a38", [:mix], []},
  "cachex": {:hex, :cachex, "2.1.0", "fad49b4e78d11c6c314e75bd8c9408f5b78cb065c047442798caed10803ee3be", [:mix], [{:eternal, "~> 1.1", [hex: :eternal, optional: false]}]},
  "certifi": {:hex, :certifi, "2.0.0", "a0c0e475107135f76b8c1d5bc7efb33cd3815cb3cf3dea7aefdd174dabead064", [:rebar3], []},
  "coherence": {:hex, :coherence, "0.5.0", "aaa785aa29e47d140030502b66b08fb58ec84e8120acbfaa6e6a61d3322ffa76", [:mix], [{:comeonin, "~> 3.0", [hex: :comeonin, optional: false]}, {:ecto, "~> 2.0", [hex: :ecto, optional: false]}, {:gettext, "~> 0.13", [hex: :gettext, optional: false]}, {:phoenix, "~> 1.3", [hex: :phoenix, optional: false]}, {:phoenix_html, "~> 2.10", [hex: :phoenix_html, optional: false]}, {:phoenix_swoosh, "~> 0.2", [hex: :phoenix_swoosh, optional: false]}, {:timex, "~> 3.1", [hex: :timex, optional: false]}, {:timex_ecto, "~> 3.1", [hex: :timex_ecto, optional: false]}, {:uuid, "~> 1.0", [hex: :uuid, optional: false]}]},
  "combine": {:hex, :combine, "0.10.0", "eff8224eeb56498a2af13011d142c5e7997a80c8f5b97c499f84c841032e429f", [:mix], []},
  "comeonin": {:hex, :comeonin, "3.2.0", "cb10995a22aed6812667efb3856f548818c85d85394d8132bc116fbd6995c1ef", [:make, :mix], [{:elixir_make, "~> 0.4", [hex: :elixir_make, optional: false]}]},
  "connection": {:hex, :connection, "1.0.4", "a1cae72211f0eef17705aaededacac3eb30e6625b04a6117c1b2db6ace7d5976", [:mix], []},
  "corsica": {:hex, :corsica, "1.1.1", "8fbcccb5006decb6aeb35132d3a3f9e27dce70f6e021c53875392f408832c16f", [:mix], [{:cowboy, "~> 1.0", [hex: :cowboy, optional: false]}, {:plug, "~> 1.0", [hex: :plug, optional: false]}]},
  "cowboy": {:hex, :cowboy, "1.1.2", "61ac29ea970389a88eca5a65601460162d370a70018afe6f949a29dca91f3bb0", [:rebar3], [{:cowlib, "~> 1.0.2", [hex: :cowlib, optional: false]}, {:ranch, "~> 1.3.2", [hex: :ranch, optional: false]}]},
  "cowlib": {:hex, :cowlib, "1.0.2", "9d769a1d062c9c3ac753096f868ca121e2730b9a377de23dec0f7e08b1df84ee", [:make], []},
  "credo": {:hex, :credo, "0.9.0", "5d1b494e4f2dc672b8318e027bd833dda69be71eaac6eedd994678be74ef7cb4", [:mix], [{:bunt, "~> 0.2.0", [hex: :bunt, optional: false]}, {:poison, ">= 0.0.0", [hex: :poison, optional: false]}]},
  "db_connection": {:hex, :db_connection, "1.1.3", "89b30ca1ef0a3b469b1c779579590688561d586694a3ce8792985d4d7e575a61", [:mix], [{:connection, "~> 1.0.2", [hex: :connection, optional: false]}, {:poolboy, "~> 1.5", [hex: :poolboy, optional: true]}, {:sbroker, "~> 1.0", [hex: :sbroker, optional: true]}]},
  "decimal": {:hex, :decimal, "1.5.0", "b0433a36d0e2430e3d50291b1c65f53c37d56f83665b43d79963684865beab68", [:mix], []},
  "decimal_arithmetic": {:hex, :decimal_arithmetic, "0.1.1", "15f651ace567474d1d332f3cbf55e9203acb296a26591aa0f3fee346de4ff775", [:mix], [{:decimal, "~> 1.1", [hex: :decimal, optional: false]}]},
  "dialyxir": {:git, "https://github.com/asummers/dialyxir.git", "bafce75646770df8c94ffb86f629786fd35a4f2d", [branch: "elixir-formatter"]},
  "ecto": {:hex, :ecto, "2.2.9", "031d55df9bb430cb118e6f3026a87408d9ce9638737bda3871e5d727a3594aae", [:mix], [{:db_connection, "~> 1.1", [hex: :db_connection, optional: true]}, {:decimal, "~> 1.2", [hex: :decimal, optional: false]}, {:mariaex, "~> 0.8.0", [hex: :mariaex, optional: true]}, {:poison, "~> 2.2 or ~> 3.0", [hex: :poison, optional: true]}, {:poolboy, "~> 1.5", [hex: :poolboy, optional: false]}, {:postgrex, "~> 0.13.0", [hex: :postgrex, optional: true]}, {:sbroker, "~> 1.0", [hex: :sbroker, optional: true]}]},
  "elixir_make": {:hex, :elixir_make, "0.4.1", "6628b86053190a80b9072382bb9756a6c78624f208ec0ff22cb94c8977d80060", [:mix], []},
  "eternal": {:hex, :eternal, "1.2.0", "e2a6b6ce3b8c248f7dc31451aefca57e3bdf0e48d73ae5043229380a67614c41", [:mix], []},
  "ex_cldr": {:hex, :ex_cldr, "1.4.4", "654966e8724d607e5cf9ecd5509ffcf66868b17e479bbd22ab2e9123595f9103", [:mix], [{:abnf2, "~> 0.1", [hex: :abnf2, optional: false]}, {:decimal, "~> 1.4", [hex: :decimal, optional: false]}, {:gettext, "~> 0.13", [hex: :gettext, optional: true]}, {:jason, "~> 1.0", [hex: :jason, optional: true]}, {:phoenix, "~> 1.3", [hex: :phoenix, optional: true]}, {:plug, "~> 1.4", [hex: :plug, optional: true]}, {:poison, "~> 2.1 or ~> 3.0", [hex: :poison, optional: true]}, {:sweet_xml, "~> 0.6", [hex: :sweet_xml, optional: true]}]},
  "ex_cldr_numbers": {:hex, :ex_cldr_numbers, "1.3.1", "50a117654dff8f8ee6958e68a65d0c2835a7e2f1aff94c1ea8f582c04fdf0bd4", [:mix], [{:decimal, "~> 1.4", [hex: :decimal, optional: false]}, {:ex_cldr, "~> 1.4.0", [hex: :ex_cldr, optional: false]}, {:jason, "~> 1.0", [hex: :jason, optional: true]}, {:poison, "~> 2.1 or ~> 3.1", [hex: :poison, optional: true]}]},
  "ex_machina": {:hex, :ex_machina, "2.2.0", "fec496331e04fc2db2a1a24fe317c12c0c4a50d2beb8ebb3531ed1f0d84be0ed", [:mix], [{:ecto, "~> 2.1", [hex: :ecto, optional: true]}]},
  "ex_money": {:hex, :ex_money, "1.1.3", "843eed0a5673206de33be47cdc06574401abc3e2d33cbcf6d74e160226791ae4", [:mix], [{:decimal, "~> 1.4", [hex: :decimal, optional: false]}, {:ecto, "~> 2.1", [hex: :ecto, optional: true]}, {:ex_cldr, "~> 1.0", [hex: :ex_cldr, optional: false]}, {:ex_cldr_numbers, "~> 1.0", [hex: :ex_cldr_numbers, optional: false]}]},
  "excoveralls": {:hex, :excoveralls, "0.8.1", "0bbf67f22c7dbf7503981d21a5eef5db8bbc3cb86e70d3798e8c802c74fa5e27", [:mix], [{:exjsx, ">= 3.0.0", [hex: :exjsx, optional: false]}, {:hackney, ">= 0.12.0", [hex: :hackney, optional: false]}]},
  "exjsx": {:hex, :exjsx, "4.0.0", "60548841e0212df401e38e63c0078ec57b33e7ea49b032c796ccad8cde794b5c", [:mix], [{:jsx, "~> 2.8.0", [hex: :jsx, optional: false]}]},
  "exq": {:hex, :exq, "0.10.1", "4eabf31c1c81f5e7baab152f5ee7bd1b7760123f071578055e9f1b469eecb377", [:mix], [{:poison, ">= 1.2.0 or ~> 2.0", [hex: :poison, optional: false]}, {:redix, ">= 0.5.0", [hex: :redix, optional: false]}, {:uuid, ">= 1.1.0", [hex: :uuid, optional: false]}]},
  "exq_ui": {:hex, :exq_ui, "0.9.0", "e97e9fa9009f30d2926b51a166e40a3a521e83f61f3f333fede8335b2aa57f09", [:mix], [{:cowboy, "~> 1.0", [hex: :cowboy, optional: false]}, {:exq, "~> 0.9", [hex: :exq, optional: false]}, {:plug, ">= 0.8.1 and < 2.0.0", [hex: :plug, optional: false]}]},
  "file_system": {:hex, :file_system, "0.2.4", "f0bdda195c0e46e987333e986452ec523aed21d784189144f647c43eaf307064", [:mix], []},
  "filtrex": {:hex, :filtrex, "0.4.1", "fea45c814534778969342d346552d1bf213807d31410b413fbff6f81bc7f03bd", [:mix], [{:ecto, "~> 2.1", [hex: :ecto, optional: false]}, {:timex, "~> 3.1", [hex: :timex, optional: false]}]},
  "formex": {:git, "https://github.com/StareIntoTheBeard/formex.git", "0a52645e3785a68a2e0b402446bb1c9efb3570e1", [branch: "master"]},
  "formex_ecto": {:git, "https://github.com/StareIntoTheBeard/formex_ecto.git", "d4248d0fccdaf7bb9568a599236559fec1941de5", [branch: "master"]},
  "geoip": {:hex, :geoip, "0.1.3", "1d46462dbca5d8f19ac1cd25bd3663ed1ffeb67ff9164d0a37e0cd1ecf47f9c5", [:mix], [{:cachex, "~> 2.0", [hex: :cachex, optional: false]}, {:httpoison, "~> 1.0", [hex: :httpoison, optional: false]}, {:poison, "~> 2.0 or ~> 3.0", [hex: :poison, optional: false]}]},
  "geolix": {:hex, :geolix, "0.16.0", "0095f5e828c0b46596216efaf6a4d46aba3f1a4da3bdfec735b2e49c8cd908fb", [:mix], [{:mmdb2_decoder, "~> 0.2.0", [hex: :mmdb2_decoder, optional: false]}, {:poolboy, "~> 1.0", [hex: :poolboy, optional: false]}]},
  "gettext": {:hex, :gettext, "0.15.0", "40a2b8ce33a80ced7727e36768499fc9286881c43ebafccae6bab731e2b2b8ce", [:mix], []},
  "guardian": {:hex, :guardian, "1.0.1", "db0fbaf571c3b874785818b7272eaf5f1ed97a2f9b1f8bc5dc8b0fb8f8f7bb06", [:mix], [{:jose, "~> 1.8", [hex: :jose, repo: "hexpm", optional: false]}, {:phoenix, "~> 1.0 or ~> 1.2 or ~> 1.3", [hex: :phoenix, repo: "hexpm", optional: true]}, {:plug, "~> 1.3.3 or ~> 1.4", [hex: :plug, repo: "hexpm", optional: true]}, {:poison, "~> 2.2 or ~> 3.0", [hex: :poison, repo: "hexpm", optional: false]}, {:uuid, ">= 1.1.1", [hex: :uuid, repo: "hexpm", optional: false]}], "hexpm"},
  "hackney": {:hex, :hackney, "1.11.0", "4951ee019df102492dabba66a09e305f61919a8a183a7860236c0fde586134b6", [:rebar3], [{:certifi, "2.0.0", [hex: :certifi, optional: false]}, {:idna, "5.1.0", [hex: :idna, optional: false]}, {:metrics, "1.0.1", [hex: :metrics, optional: false]}, {:mimerl, "1.0.2", [hex: :mimerl, optional: false]}, {:ssl_verify_fun, "1.1.1", [hex: :ssl_verify_fun, optional: false]}]},
  "httpoison": {:hex, :httpoison, "1.0.0", "1f02f827148d945d40b24f0b0a89afe40bfe037171a6cf70f2486976d86921cd", [:mix], [{:hackney, "~> 1.8", [hex: :hackney, optional: false]}]},
  "idna": {:hex, :idna, "5.1.0", "d72b4effeb324ad5da3cab1767cb16b17939004e789d8c0ad5b70f3cea20c89a", [:rebar3], [{:unicode_util_compat, "0.3.1", [hex: :unicode_util_compat, optional: false]}]},
  "inet_cidr": {:hex, :inet_cidr, "1.0.3", "53becd1255198cc4be79435581205803ec6dd21ae92a30bc1967676db641fde0", [:mix], []},
  "inflex": {:hex, :inflex, "1.10.0", "8366a7696e70e1813aca102e61274addf85d99f4a072b2f9c7984054ea1b9d29", [:mix], []},
  "jason": {:hex, :jason, "1.0.0", "0f7cfa9bdb23fed721ec05419bcee2b2c21a77e926bce0deda029b5adc716fe2", [:mix], [{:decimal, "~> 1.0", [hex: :decimal, optional: true]}]},
  "joken": {:hex, :joken, "1.5.0", "42a0953e80bd933fc98a0874e156771f78bf0e92abe6c3a9c22feb6da28efb0b", [:mix], [{:jose, "~> 1.8", [hex: :jose, optional: false]}, {:plug, "~> 1.0", [hex: :plug, optional: true]}, {:poison, "~> 1.5 or ~> 2.0 or ~> 3.0", [hex: :poison, optional: true]}]},
  "jose": {:hex, :jose, "1.8.4", "7946d1e5c03a76ac9ef42a6e6a20001d35987afd68c2107bcd8f01a84e75aa73", [:mix, :rebar3], [{:base64url, "~> 0.0.1", [hex: :base64url, optional: false]}]},
  "jsx": {:hex, :jsx, "2.8.3", "a05252d381885240744d955fbe3cf810504eb2567164824e19303ea59eef62cf", [:mix, :rebar3], []},
  "meck": {:hex, :meck, "0.8.9", "64c5c0bd8bcca3a180b44196265c8ed7594e16bcc845d0698ec6b4e577f48188", [:rebar3], []},
  "metrics": {:hex, :metrics, "1.0.1", "25f094dea2cda98213cecc3aeff09e940299d950904393b2a29d191c346a8486", [:rebar3], []},
  "mime": {:hex, :mime, "1.2.0", "78adaa84832b3680de06f88f0997e3ead3b451a440d183d688085be2d709b534", [:mix], []},
  "mimerl": {:hex, :mimerl, "1.0.2", "993f9b0e084083405ed8252b99460c4f0563e41729ab42d9074fd5e52439be88", [:rebar3], []},
  "mmdb2_decoder": {:hex, :mmdb2_decoder, "0.2.0", "34346c43bb1860d38d5505e5edf3d5e31a0d9fce4ee48f0c8c762875bcd05bb2", [:mix], []},
  "mock": {:hex, :mock, "0.3.1", "994f00150f79a0ea50dc9d86134cd9ebd0d177ad60bd04d1e46336cdfdb98ff9", [:mix], [{:meck, "~> 0.8.8", [hex: :meck, optional: false]}]},
  "number": {:hex, :number, "0.5.5", "8bfc67d6f4eb0494cfd0653faf4e73ff8d1bb9f81090a1f5124c21d99b43b64c", [:mix], [{:decimal, "~> 1.0", [hex: :decimal, optional: false]}, {:decimal_arithmetic, "~> 0.1", [hex: :decimal_arithmetic, optional: false]}]},
  "phoenix": {:hex, :phoenix, "1.3.2", "2a00d751f51670ea6bc3f2ba4e6eb27ecb8a2c71e7978d9cd3e5de5ccf7378bd", [:mix], [{:cowboy, "~> 1.0", [hex: :cowboy, optional: true]}, {:phoenix_pubsub, "~> 1.0", [hex: :phoenix_pubsub, optional: false]}, {:plug, "~> 1.3.3 or ~> 1.4", [hex: :plug, optional: false]}, {:poison, "~> 2.2 or ~> 3.0", [hex: :poison, optional: false]}]},
  "phoenix_active_link": {:hex, :phoenix_active_link, "0.1.1", "c0bdd613c7527bd33741fd39b250a469914a9403e0b14049a813c96a4d0bac64", [:mix], [{:phoenix_html, "~> 2.5", [hex: :phoenix_html, optional: false]}]},
  "phoenix_ecto": {:hex, :phoenix_ecto, "3.3.0", "702f6e164512853d29f9d20763493f2b3bcfcb44f118af2bc37bb95d0801b480", [:mix], [{:ecto, "~> 2.1", [hex: :ecto, optional: false]}, {:phoenix_html, "~> 2.9", [hex: :phoenix_html, optional: true]}, {:plug, "~> 1.0", [hex: :plug, optional: false]}]},
  "phoenix_html": {:hex, :phoenix_html, "2.11.1", "77b6f7fbd252168c6ec4f573de648d37cc5258cda13266ef001fbf99267eb6f3", [:mix], [{:plug, "~> 1.5", [hex: :plug, optional: false]}]},
  "phoenix_live_reload": {:hex, :phoenix_live_reload, "1.1.3", "1d178429fc8950b12457d09c6afec247bfe1fcb6f36209e18fbb0221bdfe4d41", [:mix], [{:file_system, "~> 0.2.1 or ~> 0.3", [hex: :file_system, optional: false]}, {:phoenix, "~> 1.0 or ~> 1.2 or ~> 1.3", [hex: :phoenix, optional: false]}]},
  "phoenix_pubsub": {:hex, :phoenix_pubsub, "1.0.2", "bfa7fd52788b5eaa09cb51ff9fcad1d9edfeb68251add458523f839392f034c1", [:mix], []},
  "phoenix_swoosh": {:hex, :phoenix_swoosh, "0.2.0", "a7e0b32077cd6d2323ae15198839b05d9caddfa20663fd85787479e81f89520e", [:mix], [{:phoenix, "~> 1.0", [hex: :phoenix, optional: false]}, {:phoenix_html, "~> 2.2", [hex: :phoenix_html, optional: false]}, {:swoosh, "~> 0.1", [hex: :swoosh, optional: false]}]},
  "plug": {:hex, :plug, "1.5.0", "224b25b4039bedc1eac149fb52ed456770b9678bbf0349cdd810460e1e09195b", [:mix], [{:cowboy, "~> 1.0.1 or ~> 1.1 or ~> 2.1", [hex: :cowboy, optional: true]}, {:mime, "~> 1.0", [hex: :mime, optional: false]}]},
  "poison": {:hex, :poison, "3.1.0", "d9eb636610e096f86f25d9a46f35a9facac35609a7591b3be3326e99a0484665", [:mix], []},
  "poolboy": {:hex, :poolboy, "1.5.1", "6b46163901cfd0a1b43d692657ed9d7e599853b3b21b95ae5ae0a777cf9b6ca8", [:rebar], []},
  "postgrex": {:hex, :postgrex, "0.13.5", "3d931aba29363e1443da167a4b12f06dcd171103c424de15e5f3fc2ba3e6d9c5", [:mix], [{:connection, "~> 1.0", [hex: :connection, optional: false]}, {:db_connection, "~> 1.1", [hex: :db_connection, optional: false]}, {:decimal, "~> 1.0", [hex: :decimal, optional: false]}]},
  "ranch": {:hex, :ranch, "1.3.2", "e4965a144dc9fbe70e5c077c65e73c57165416a901bd02ea899cfd95aa890986", [:rebar3], []},
  "redix": {:hex, :redix, "0.7.0", "14a22cba1137600ccf8d64baf1b291689add779488f9a193d7d83dcc3e03a7a4", [:mix], [{:connection, "~> 1.0", [hex: :connection, optional: false]}]},
  "remote_ip": {:hex, :remote_ip, "0.1.4", "c34e79cdf6058ccff824f6d6ed7ac5282b953c6aa0cf62f949cfe1c3b6119f35", [:mix], [{:combine, "~> 0.10", [hex: :combine, optional: false]}, {:inet_cidr, "~> 1.0", [hex: :inet_cidr, optional: false]}, {:plug, "~> 1.2", [hex: :plug, optional: false]}]},
  "rollbax": {:hex, :rollbax, "0.9.0", "efdc5a1fdc8624409206b1d48c321dd8dfe2e262c0ce5f844636d9cca02ea84f", [:mix], [{:hackney, "~> 1.1", [hex: :hackney, optional: false]}, {:jason, "~> 1.0", [hex: :jason, optional: false]}]},
  "scrivener": {:hex, :scrivener, "2.5.0", "e1f78c62b6806d91cc9c4778deef1ea4e80aa9fadfce2c16831afe0468cc8a2c", [:mix], []},
  "scrivener_ecto": {:hex, :scrivener_ecto, "1.3.0", "69698428e22810ac8a47abc12d1df5b2f5d8f6b36dc5d5bfe6dd93fde857c576", [:mix], [{:ecto, "~> 2.0", [hex: :ecto, optional: false]}, {:postgrex, "~> 0.11.0 or ~> 0.12.0 or ~> 0.13.0", [hex: :postgrex, optional: true]}, {:scrivener, "~> 2.4", [hex: :scrivener, optional: false]}]},
  "scrivener_html": {:hex, :scrivener_html, "1.7.1", "afa35128fb36184bc469e4531bb1ef61b2d91bb29e373157068c62332291485f", [:mix], [{:phoenix, "~> 1.0-pre and < 1.4.0", [hex: :phoenix, optional: true]}, {:phoenix_html, "~> 2.2", [hex: :phoenix_html, optional: false]}, {:plug, "~> 1.1", [hex: :plug, optional: false]}, {:scrivener, "~> 1.2 or ~> 2.0", [hex: :scrivener, optional: false]}]},
  "slack": {:hex, :slack, "0.13.0", "565ace2343cb131dabc9524ea4ec182a338c71ccf1a07035ba209f15017ef658", [:mix], [{:httpoison, "~> 0.11", [hex: :httpoison, optional: false]}, {:poison, "~> 3.0", [hex: :poison, optional: false]}, {:websocket_client, "~> 1.2.4", [hex: :websocket_client, optional: false]}]},
  "ssl_verify_fun": {:hex, :ssl_verify_fun, "1.1.1", "28a4d65b7f59893bc2c7de786dec1e1555bd742d336043fe644ae956c3497fbe", [:make, :rebar], []},
  "swoosh": {:hex, :swoosh, "0.13.0", "23e4cfdd9a63f5a30bbb1bad3d3e1d667ff6193a02b3f600ea16c34ce586bd05", [:mix], [{:cowboy, "~> 1.0", [hex: :cowboy, optional: true]}, {:gen_smtp, "~> 0.12", [hex: :gen_smtp, optional: true]}, {:hackney, "~> 1.9", [hex: :hackney, optional: false]}, {:mime, "~> 1.1", [hex: :mime, optional: false]}, {:plug, "~> 1.4", [hex: :plug, optional: true]}, {:poison, "~> 1.5 or ~> 2.0 or ~> 3.0", [hex: :poison, optional: false]}]},
  "timex": {:hex, :timex, "3.2.1", "639975eac45c4c08c2dbf7fc53033c313ff1f94fad9282af03619a3826493612", [:mix], [{:combine, "~> 0.10", [hex: :combine, optional: false]}, {:gettext, "~> 0.10", [hex: :gettext, optional: false]}, {:tzdata, "~> 0.1.8 or ~> 0.5", [hex: :tzdata, optional: false]}]},
  "timex_ecto": {:hex, :timex_ecto, "3.2.1", "461140751026e1ca03298fab628f78ab189e78784175f5e301eefa034ee530aa", [:mix], [{:ecto, "~> 2.2", [hex: :ecto, optional: false]}, {:timex, "~> 3.1", [hex: :timex, optional: false]}]},
  "tzdata": {:hex, :tzdata, "0.5.16", "13424d3afc76c68ff607f2df966c0ab4f3258859bbe3c979c9ed1606135e7352", [:mix], [{:hackney, "~> 1.0", [hex: :hackney, optional: false]}]},
  "unicode_util_compat": {:hex, :unicode_util_compat, "0.3.1", "a1f612a7b512638634a603c8f401892afbf99b8ce93a45041f8aaca99cadb85e", [:rebar3], []},
  "uuid": {:hex, :uuid, "1.1.8", "e22fc04499de0de3ed1116b770c7737779f226ceefa0badb3592e64d5cfb4eb9", [:mix], []},
  "websocket_client": {:hex, :websocket_client, "1.2.4", "14ec1ca4b6d247b44ccd9a80af8f6ca98328070f6c1d52a5cb00bc9d939d63b8", [:rebar3], []},
}
